
Microsoft Visual Studio Solution File, Format Version 12.00
# Visual Studio Version 16
VisualStudioVersion = 16.0.34301.259
MinimumVisualStudioVersion = 10.0.40219.1
Project("{FAE04EC0-301F-11D3-BF4B-00C04F79EFBC}") = "Astonish", "Astonish\Astonish.csproj", "{3FB9CA07-25E2-4AF1-8964-FB9AA8CE4972}"
EndProject
Global
	GlobalSection(SolutionConfigurationPlatforms) = preSolution
		Debug|Any CPU = Debug|Any CPU
		Release|Any CPU = Release|Any CPU
	EndGlobalSection
	GlobalSection(ProjectConfigurationPlatforms) = postSolution
		{3FB9CA07-25E2-4AF1-8964-FB9AA8CE4972}.Debug|Any CPU.ActiveCfg = Debug|Any CPU
		{3FB9CA07-25E2-4AF1-8964-FB9AA8CE4972}.Debug|Any CPU.Build.0 = Debug|Any CPU
		{3FB9CA07-25E2-4AF1-8964-FB9AA8CE4972}.Release|Any CPU.ActiveCfg = Release|Any CPU
		{3FB9CA07-25E2-4AF1-8964-FB9AA8CE4972}.Release|Any CPU.Build.0 = Release|Any CPU
	EndGlobalSection
	GlobalSection(SolutionProperties) = preSolution
		HideSolutionNode = FALSE
	EndGlobalSection
	GlobalSection(ExtensibilityGlobals) = postSolution
		SolutionGuid = {FAC80819-F13E-4871-BDE2-1DD8CA48BD61}
	EndGlobalSection
EndGlobal
